PODS:
  - Alamofire (5.0.0-beta.5)

DEPENDENCIES:
  - Alamofire (~> 5.0.0-beta.5)

SPEC REPOS:
  https://github.com/cocoapods/specs.git:
    - Alamofire

SPEC CHECKSUMS:
  Alamofire: 9afb08f7f43efcc71c072374e720fcf67521317d

PODFILE CHECKSUM: 466416d5524d51cf2014e75c93bcff4b81c255e6

COCOAPODS: 1.6.1
